<?xml version="1.0" encoding="utf-8"?>
<Project ToolsVersion="4.0" xmlns="http://schemas.microsoft.com/developer/msbuild/2003">
  <ItemGroup>
    <Filter Include="Source Files">
      <UniqueIdentifier>{4FC737F1-C7A5-4376-A066-2A32D752A2FF}</UniqueIdentifier>
      <Extensions>cpp;c;cc;cxx;c++;cppm;ixx;def;odl;idl;hpj;bat;asm;asmx</Extensions>
    </Filter>
    <Filter Include="Header Files">
      <UniqueIdentifier>{93995380-89BD-4b04-88EB-625FBE52EBFB}</UniqueIdentifier>
      <Extensions>h;hh;hpp;hxx;h++;hm;inl;inc;ipp;xsd</Extensions>
    </Filter>
    <Filter Include="Header Files\asm">
      <UniqueIdentifier>{904a2095-df80-4090-abc0-7c39378feeae}</UniqueIdentifier>
    </Filter>
    <Filter Include="Header Files\Framework">
      <UniqueIdentifier>{1b19437c-c4f6-4fe5-a1ed-094f1ef63f90}</UniqueIdentifier>
    </Filter>
    <Filter Include="Header Files\Utils">
      <UniqueIdentifier>{24a75e15-50d2-4b74-96d5-f2187739f25e}</UniqueIdentifier>
    </Filter>
    <Filter Include="Header Files\SDK">
      <UniqueIdentifier>{f5881100-a668-4fc4-b2a2-9241f2618ccc}</UniqueIdentifier>
    </Filter>
    <Filter Include="Header Files\Features">
      <UniqueIdentifier>{961270ed-b9f9-4520-a819-4ad6e922d2c3}</UniqueIdentifier>
    </Filter>
  </ItemGroup>
  <ItemGroup>
    <ClCompile Include="dllmain.cpp">
      <Filter>Source Files</Filter>
    </ClCompile>
  </ItemGroup>
  <ItemGroup>
    <MASM Include="NtUserGetAsyncKeyState.asm">
      <Filter>Header Files\asm</Filter>
    </MASM>
    <MASM Include="RetAddressSpoofer.asm">
      <Filter>Header Files\asm</Filter>
    </MASM>
  </ItemGroup>
  <ItemGroup>
    <ClInclude Include="Framework\menu.h">
      <Filter>Header Files\Framework</Filter>
    </ClInclude>
    <ClInclude Include="Framework\ZeroGUI.h">
      <Filter>Header Files\Framework</Filter>
    </ClInclude>
    <ClInclude Include="Framework\ZeroInput.h">
      <Filter>Header Files\Framework</Filter>
    </ClInclude>
    <ClInclude Include="Utils\defs.h">
      <Filter>Header Files\Utils</Filter>
    </ClInclude>
    <ClInclude Include="Utils\lazy.h">
      <Filter>Header Files\Utils</Filter>
    </ClInclude>
    <ClInclude Include="Utils\memory.h">
      <Filter>Header Files\Utils</Filter>
    </ClInclude>
    <ClInclude Include="Utils\universal.h">
      <Filter>Header Files\Utils</Filter>
    </ClInclude>
    <ClInclude Include="Utils\xor.h">
      <Filter>Header Files\Utils</Filter>
    </ClInclude>
    <ClInclude Include="SDK\engine.h">
      <Filter>Header Files\SDK</Filter>
    </ClInclude>
    <ClInclude Include="SDK\functions.h">
      <Filter>Header Files\SDK</Filter>
    </ClInclude>
    <ClInclude Include="Features\esp.h">
      <Filter>Header Files\Features</Filter>
    </ClInclude>
    <ClInclude Include="SDK\matrix.h">
      <Filter>Header Files\SDK</Filter>
    </ClInclude>
    <ClInclude Include="Utils\offsets.h">
      <Filter>Header Files\Utils</Filter>
    </ClInclude>
    <ClInclude Include="Features\skin_changer.h">
      <Filter>Header Files\Features</Filter>
    </ClInclude>
    <ClInclude Include="Features\chams.h">
      <Filter>Header Files\Features</Filter>
    </ClInclude>
  </ItemGroup>
</Project>